
Microsoft Visual Studio Solution File, Format Version 12.00
# Visual Studio Version 16
VisualStudioVersion = 16.0.30611.23
MinimumVisualStudioVersion = 10.0.40219.1
Project("{FAE04EC0-301F-11D3-BF4B-00C04F79EFBC}") = "Cars", "Cars\Cars.csproj", "{629CFCC3-165F-4634-AC3E-3BD41B464646}"
EndProject
Global
	GlobalSection(SolutionConfigurationPlatforms) = preSolution
		Debug|Any CPU = Debug|Any CPU
		Release|Any CPU = Release|Any CPU
	EndGlobalSection
	GlobalSection(ProjectConfigurationPlatforms) = postSolution
		{629CFCC3-165F-4634-AC3E-3BD41B464646}.Debug|Any CPU.ActiveCfg = Debug|Any CPU
		{629CFCC3-165F-4634-AC3E-3BD41B464646}.Debug|Any CPU.Build.0 = Debug|Any CPU
		{629CFCC3-165F-4634-AC3E-3BD41B464646}.Release|Any CPU.ActiveCfg = Release|Any CPU
		{629CFCC3-165F-4634-AC3E-3BD41B464646}.Release|Any CPU.Build.0 = Release|Any CPU
	EndGlobalSection
	GlobalSection(SolutionProperties) = preSolution
		HideSolutionNode = FALSE
	EndGlobalSection
	GlobalSection(ExtensibilityGlobals) = postSolution
		SolutionGuid = {036A2EAC-91F5-4874-9E9E-7D127188BDCE}
	EndGlobalSection
EndGlobal
